Microsoft Visual Studio Solution File, Format Version 12.00
# Visual Studio 14
VisualStudioVersion = 14.0.25420.1
MinimumVisualStudioVersion = 10.0.40219.1
Project("{2150E333-8FDC-42A3-9474-1A3956D46DE8}") = "_Solution Items", "_Solution Items", "{0A971CAF-57CD-4AB8-A0F3-10F902DDFD61}"
	ProjectSection(SolutionItems) = preProject
		..\..\..\..\ProgramData\CAS\CAS.CommServerUA\log\CAS.OPC.UA.Server.log = ..\..\..\..\ProgramData\CAS\CAS.CommServerUA\log\CAS.OPC.UA.Server.log
		..\..\..\..\ProgramData\CAS\CAS.CommServerUA\log\CAS.UA.Server.starting.log = ..\..\..\..\ProgramData\CAS\CAS.CommServerUA\log\CAS.UA.Server.starting.log
		\\hq.cas.com.pl\cas_dfs\cas\Projekty\Serwis\S-0001-CAS siec\Firewall\cas_pix-20140926.txt = \\hq.cas.com.pl\cas_dfs\cas\Projekty\Serwis\S-0001-CAS siec\Firewall\cas_pix-20140926.txt
		ReleaseNotes.txt = ReleaseNotes.txt
	EndProjectSection
EndProject
Project("{2150E333-8FDC-42A3-9474-1A3956D46DE8}") = "Tests", "Tests", "{91273290-923E-4C93-904E-D799049D4D7C}"
EndProject
Project("{2150E333-8FDC-42A3-9474-1A3956D46DE8}") = "OPCUA.Server", "OPCUA.Server", "{A2057B3E-BE01-44EC-AD98-B031B8527791}"
EndProject
Project("{FAE04EC0-301F-11D3-BF4B-00C04F79EFBC}") = "CR.UA.Scripts", "Scripts\CR.UA.Scripts.csproj", "{E1FC0810-38EB-4EFF-A015-BEAF031DD987}"
EndProject
Project("{FAE04EC0-301F-11D3-BF4B-00C04F79EFBC}") = "DataBindings", "DataBindings\DataBindings.csproj", "{303CFB1D-CEF3-4ECC-B9FD-C7DFC6308810}"
EndProject
Project("{FAE04EC0-301F-11D3-BF4B-00C04F79EFBC}") = "UALibrary", "UALibrary\UALibrary.csproj", "{5A647CC0-5FD8-476B-8C14-8A9CED9CF5BE}"
EndProject
Project("{FAE04EC0-301F-11D3-BF4B-00C04F79EFBC}") = "UAServer", "UAServer\UAServer.csproj", "{B109EBAE-BB08-40A7-BB9E-7E56B9151B17}"
EndProject
Project("{54435603-DBB4-11D2-8724-00A0C9A8B90C}") = "CommServerUASetup", "CommServerUASetup\CommServerUASetup.vdproj", "{8D237A29-9D47-48C1-80FE-7BD94EF1D49E}"
EndProject
Project("{FAE04EC0-301F-11D3-BF4B-00C04F79EFBC}") = "LicensesContainer", "..\PR39-CommonResources\LicensesContainer\LicensesContainer.csproj", "{234A138E-4E17-4F12-84A3-A920DDAE0D86}"
EndProject
Project("{FAE04EC0-301F-11D3-BF4B-00C04F79EFBC}") = "DataSourceExternal", "DataSourceExternal\DataSourceExternal.csproj", "{0868418E-F4B0-42D5-961A-E037C42132C9}"
EndProject
Project("{FAE04EC0-301F-11D3-BF4B-00C04F79EFBC}") = "T4Definitions", "..\PR39-CommonResources\T4Definitions\T4Definitions.csproj", "{D506423B-BA21-49E6-8C3B-88A771CA444E}"
EndProject
Project("{FAE04EC0-301F-11D3-BF4B-00C04F79EFBC}") = "ADI on cas_xptest_001", "Tests\ADI on cas_xptest_001\ADI on cas_xptest_001.csproj", "{C7487848-938C-4878-8645-47D7AB4C2E7E}"
EndProject
Global
	GlobalSection(SolutionConfigurationPlatforms) = preSolution
		Debug|Any CPU = Debug|Any CPU
		Debug|Mixed Platforms = Debug|Mixed Platforms
		Debug|Win32 = Debug|Win32
		Release|Any CPU = Release|Any CPU
		Release|Mixed Platforms = Release|Mixed Platforms
		Release|Win32 = Release|Win32
	EndGlobalSection
	GlobalSection(ProjectConfigurationPlatforms) = postSolution
		{E1FC0810-38EB-4EFF-A015-BEAF031DD987}.Debug|Any CPU.ActiveCfg = Debug|Any CPU
		{E1FC0810-38EB-4EFF-A015-BEAF031DD987}.Debug|Any CPU.Build.0 = Debug|Any CPU
		{E1FC0810-38EB-4EFF-A015-BEAF031DD987}.Debug|Mixed Platforms.ActiveCfg = Debug|Any CPU
		{E1FC0810-38EB-4EFF-A015-BEAF031DD987}.Debug|Win32.ActiveCfg = Debug|Any CPU
		{E1FC0810-38EB-4EFF-A015-BEAF031DD987}.Release|Any CPU.ActiveCfg = Release|Any CPU
		{E1FC0810-38EB-4EFF-A015-BEAF031DD987}.Release|Any CPU.Build.0 = Release|Any CPU
		{E1FC0810-38EB-4EFF-A015-BEAF031DD987}.Release|Mixed Platforms.ActiveCfg = Release|Any CPU
		{E1FC0810-38EB-4EFF-A015-BEAF031DD987}.Release|Win32.ActiveCfg = Release|Any CPU
		{303CFB1D-CEF3-4ECC-B9FD-C7DFC6308810}.Debug|Any CPU.ActiveCfg = Debug|Any CPU
		{303CFB1D-CEF3-4ECC-B9FD-C7DFC6308810}.Debug|Any CPU.Build.0 = Debug|Any CPU
		{303CFB1D-CEF3-4ECC-B9FD-C7DFC6308810}.Debug|Mixed Platforms.ActiveCfg = Debug|Any CPU
		{303CFB1D-CEF3-4ECC-B9FD-C7DFC6308810}.Debug|Mixed Platforms.Build.0 = Debug|Any CPU
		{303CFB1D-CEF3-4ECC-B9FD-C7DFC6308810}.Debug|Win32.ActiveCfg = Debug|Any CPU
		{303CFB1D-CEF3-4ECC-B9FD-C7DFC6308810}.Release|Any CPU.ActiveCfg = Release|Any CPU
		{303CFB1D-CEF3-4ECC-B9FD-C7DFC6308810}.Release|Any CPU.Build.0 = Release|Any CPU
		{303CFB1D-CEF3-4ECC-B9FD-C7DFC6308810}.Release|Mixed Platforms.ActiveCfg = Release|Any CPU
		{303CFB1D-CEF3-4ECC-B9FD-C7DFC6308810}.Release|Mixed Platforms.Build.0 = Release|Any CPU
		{303CFB1D-CEF3-4ECC-B9FD-C7DFC6308810}.Release|Win32.ActiveCfg = Release|Any CPU
		{5A647CC0-5FD8-476B-8C14-8A9CED9CF5BE}.Debug|Any CPU.ActiveCfg = Debug|Any CPU
		{5A647CC0-5FD8-476B-8C14-8A9CED9CF5BE}.Debug|Any CPU.Build.0 = Debug|Any CPU
		{5A647CC0-5FD8-476B-8C14-8A9CED9CF5BE}.Debug|Mixed Platforms.ActiveCfg = Debug|Any CPU
		{5A647CC0-5FD8-476B-8C14-8A9CED9CF5BE}.Debug|Mixed Platforms.Build.0 = Debug|Any CPU
		{5A647CC0-5FD8-476B-8C14-8A9CED9CF5BE}.Debug|Win32.ActiveCfg = Debug|Any CPU
		{5A647CC0-5FD8-476B-8C14-8A9CED9CF5BE}.Release|Any CPU.ActiveCfg = Release|Any CPU
		{5A647CC0-5FD8-476B-8C14-8A9CED9CF5BE}.Release|Any CPU.Build.0 = Release|Any CPU
		{5A647CC0-5FD8-476B-8C14-8A9CED9CF5BE}.Release|Mixed Platforms.ActiveCfg = Release|Any CPU
		{5A647CC0-5FD8-476B-8C14-8A9CED9CF5BE}.Release|Mixed Platforms.Build.0 = Release|Any CPU
		{5A647CC0-5FD8-476B-8C14-8A9CED9CF5BE}.Release|Win32.ActiveCfg = Release|Any CPU
		{B109EBAE-BB08-40A7-BB9E-7E56B9151B17}.Debug|Any CPU.ActiveCfg = Debug|Any CPU
		{B109EBAE-BB08-40A7-BB9E-7E56B9151B17}.Debug|Any CPU.Build.0 = Debug|Any CPU
		{B109EBAE-BB08-40A7-BB9E-7E56B9151B17}.Debug|Mixed Platforms.ActiveCfg = Debug|Any CPU
		{B109EBAE-BB08-40A7-BB9E-7E56B9151B17}.Debug|Mixed Platforms.Build.0 = Debug|Any CPU
		{B109EBAE-BB08-40A7-BB9E-7E56B9151B17}.Debug|Win32.ActiveCfg = Debug|Any CPU
		{B109EBAE-BB08-40A7-BB9E-7E56B9151B17}.Release|Any CPU.ActiveCfg = Release|Any CPU
		{B109EBAE-BB08-40A7-BB9E-7E56B9151B17}.Release|Any CPU.Build.0 = Release|Any CPU
		{B109EBAE-BB08-40A7-BB9E-7E56B9151B17}.Release|Mixed Platforms.ActiveCfg = Release|Any CPU
		{B109EBAE-BB08-40A7-BB9E-7E56B9151B17}.Release|Mixed Platforms.Build.0 = Release|Any CPU
		{B109EBAE-BB08-40A7-BB9E-7E56B9151B17}.Release|Win32.ActiveCfg = Release|Any CPU
		{8D237A29-9D47-48C1-80FE-7BD94EF1D49E}.Debug|Any CPU.ActiveCfg = Debug
		{8D237A29-9D47-48C1-80FE-7BD94EF1D49E}.Debug|Any CPU.Build.0 = Debug
		{8D237A29-9D47-48C1-80FE-7BD94EF1D49E}.Debug|Mixed Platforms.ActiveCfg = Debug
		{8D237A29-9D47-48C1-80FE-7BD94EF1D49E}.Debug|Win32.ActiveCfg = Debug
		{8D237A29-9D47-48C1-80FE-7BD94EF1D49E}.Debug|Win32.Build.0 = Debug
		{8D237A29-9D47-48C1-80FE-7BD94EF1D49E}.Release|Any CPU.ActiveCfg = Release
		{8D237A29-9D47-48C1-80FE-7BD94EF1D49E}.Release|Any CPU.Build.0 = Release
		{8D237A29-9D47-48C1-80FE-7BD94EF1D49E}.Release|Mixed Platforms.ActiveCfg = Release
		{8D237A29-9D47-48C1-80FE-7BD94EF1D49E}.Release|Win32.ActiveCfg = Release
		{8D237A29-9D47-48C1-80FE-7BD94EF1D49E}.Release|Win32.Build.0 = Release
		{234A138E-4E17-4F12-84A3-A920DDAE0D86}.Debug|Any CPU.ActiveCfg = Debug|Any CPU
		{234A138E-4E17-4F12-84A3-A920DDAE0D86}.Debug|Any CPU.Build.0 = Debug|Any CPU
		{234A138E-4E17-4F12-84A3-A920DDAE0D86}.Debug|Mixed Platforms.ActiveCfg = Debug|Any CPU
		{234A138E-4E17-4F12-84A3-A920DDAE0D86}.Debug|Mixed Platforms.Build.0 = Debug|Any CPU
		{234A138E-4E17-4F12-84A3-A920DDAE0D86}.Debug|Win32.ActiveCfg = Debug|Any CPU
		{234A138E-4E17-4F12-84A3-A920DDAE0D86}.Release|Any CPU.ActiveCfg = Release|Any CPU
		{234A138E-4E17-4F12-84A3-A920DDAE0D86}.Release|Any CPU.Build.0 = Release|Any CPU
		{234A138E-4E17-4F12-84A3-A920DDAE0D86}.Release|Mixed Platforms.ActiveCfg = Release|Any CPU
		{234A138E-4E17-4F12-84A3-A920DDAE0D86}.Release|Mixed Platforms.Build.0 = Release|Any CPU
		{234A138E-4E17-4F12-84A3-A920DDAE0D86}.Release|Win32.ActiveCfg = Release|Any CPU
		{0868418E-F4B0-42D5-961A-E037C42132C9}.Debug|Any CPU.ActiveCfg = Debug|Any CPU
		{0868418E-F4B0-42D5-961A-E037C42132C9}.Debug|Any CPU.Build.0 = Debug|Any CPU
		{0868418E-F4B0-42D5-961A-E037C42132C9}.Debug|Mixed Platforms.ActiveCfg = Debug|Any CPU
		{0868418E-F4B0-42D5-961A-E037C42132C9}.Debug|Mixed Platforms.Build.0 = Debug|Any CPU
		{0868418E-F4B0-42D5-961A-E037C42132C9}.Debug|Win32.ActiveCfg = Debug|Any CPU
		{0868418E-F4B0-42D5-961A-E037C42132C9}.Release|Any CPU.ActiveCfg = Release|Any CPU
		{0868418E-F4B0-42D5-961A-E037C42132C9}.Release|Any CPU.Build.0 = Release|Any CPU
		{0868418E-F4B0-42D5-961A-E037C42132C9}.Release|Mixed Platforms.ActiveCfg = Release|Any CPU
		{0868418E-F4B0-42D5-961A-E037C42132C9}.Release|Mixed Platforms.Build.0 = Release|Any CPU
		{0868418E-F4B0-42D5-961A-E037C42132C9}.Release|Win32.ActiveCfg = Release|Any CPU
		{D506423B-BA21-49E6-8C3B-88A771CA444E}.Debug|Any CPU.ActiveCfg = Debug|Any CPU
		{D506423B-BA21-49E6-8C3B-88A771CA444E}.Debug|Any CPU.Build.0 = Debug|Any CPU
		{D506423B-BA21-49E6-8C3B-88A771CA444E}.Debug|Mixed Platforms.ActiveCfg = Debug|Any CPU
		{D506423B-BA21-49E6-8C3B-88A771CA444E}.Debug|Mixed Platforms.Build.0 = Debug|Any CPU
		{D506423B-BA21-49E6-8C3B-88A771CA444E}.Debug|Win32.ActiveCfg = Debug|Any CPU
		{D506423B-BA21-49E6-8C3B-88A771CA444E}.Release|Any CPU.ActiveCfg = Release|Any CPU
		{D506423B-BA21-49E6-8C3B-88A771CA444E}.Release|Any CPU.Build.0 = Release|Any CPU
		{D506423B-BA21-49E6-8C3B-88A771CA444E}.Release|Mixed Platforms.ActiveCfg = Release|Any CPU
		{D506423B-BA21-49E6-8C3B-88A771CA444E}.Release|Mixed Platforms.Build.0 = Release|Any CPU
		{D506423B-BA21-49E6-8C3B-88A771CA444E}.Release|Win32.ActiveCfg = Release|Any CPU
		{C7487848-938C-4878-8645-47D7AB4C2E7E}.Debug|Any CPU.ActiveCfg = Debug|Any CPU
		{C7487848-938C-4878-8645-47D7AB4C2E7E}.Debug|Any CPU.Build.0 = Debug|Any CPU
		{C7487848-938C-4878-8645-47D7AB4C2E7E}.Debug|Mixed Platforms.ActiveCfg = Debug|Any CPU
		{C7487848-938C-4878-8645-47D7AB4C2E7E}.Debug|Mixed Platforms.Build.0 = Debug|Any CPU
		{C7487848-938C-4878-8645-47D7AB4C2E7E}.Debug|Win32.ActiveCfg = Debug|Any CPU
		{C7487848-938C-4878-8645-47D7AB4C2E7E}.Release|Any CPU.ActiveCfg = Release|Any CPU
		{C7487848-938C-4878-8645-47D7AB4C2E7E}.Release|Any CPU.Build.0 = Release|Any CPU
		{C7487848-938C-4878-8645-47D7AB4C2E7E}.Release|Mixed Platforms.ActiveCfg = Release|Any CPU
		{C7487848-938C-4878-8645-47D7AB4C2E7E}.Release|Mixed Platforms.Build.0 = Release|Any CPU
		{C7487848-938C-4878-8645-47D7AB4C2E7E}.Release|Win32.ActiveCfg = Release|Any CPU
	EndGlobalSection
	GlobalSection(SolutionProperties) = preSolution
		HideSolutionNode = FALSE
	EndGlobalSection
	GlobalSection(NestedProjects) = preSolution
		{E1FC0810-38EB-4EFF-A015-BEAF031DD987} = {0A971CAF-57CD-4AB8-A0F3-10F902DDFD61}
		{303CFB1D-CEF3-4ECC-B9FD-C7DFC6308810} = {A2057B3E-BE01-44EC-AD98-B031B8527791}
		{5A647CC0-5FD8-476B-8C14-8A9CED9CF5BE} = {A2057B3E-BE01-44EC-AD98-B031B8527791}
		{B109EBAE-BB08-40A7-BB9E-7E56B9151B17} = {A2057B3E-BE01-44EC-AD98-B031B8527791}
		{234A138E-4E17-4F12-84A3-A920DDAE0D86} = {0A971CAF-57CD-4AB8-A0F3-10F902DDFD61}
		{0868418E-F4B0-42D5-961A-E037C42132C9} = {A2057B3E-BE01-44EC-AD98-B031B8527791}
		{D506423B-BA21-49E6-8C3B-88A771CA444E} = {0A971CAF-57CD-4AB8-A0F3-10F902DDFD61}
		{C7487848-938C-4878-8645-47D7AB4C2E7E} = {91273290-923E-4C93-904E-D799049D4D7C}
	EndGlobalSection
EndGlobal
